{
    "_meta": {
        "hash": {
            "sha256": "4c17f718ece96164f21cac1d53430002e57045361f634f48ac598709ab11459c"
        },
        "pipfile-spec": 6,
        "requires": {
            "python_version": "3.7"
        },
        "sources": [
            {
                "name": "pypi",
                "url": "https://pypi.douban.com/simple",
                "verify_ssl": true
            }
        ]
    },
    "default": {},
    "develop": {}
}
